{
  "requires": true,
  "lockfileVersion": 1,
  "dependencies": {
    "fs-access": {
      "version": "1.0.1",
      "resolved": "https://registry.npmjs.org/fs-access/-/fs-access-1.0.1.tgz",
      "integrity": "sha1-1qh/JiJxzv6+wwxVNAf7mV2od3o=",
      "dev": true,
      "requires": {
        "null-check": "1.0.0"
      }
    },
    "isexe": {
      "version": "2.0.0",
      "resolved": "https://registry.npmjs.org/isexe/-/isexe-2.0.0.tgz",
      "integrity": "sha1-6PvzdNxVb/iUehDcsFctYz8s+hA=",
      "dev": true
    },
    "jasmine-core": {
      "version": "3.3.0",
      "resolved": "https://registry.npmjs.org/jasmine-core/-/jasmine-core-3.3.0.tgz",
      "integrity": "sha512-3/xSmG/d35hf80BEN66Y6g9Ca5l/Isdeg/j6zvbTYlTzeKinzmaTM4p9am5kYqOmE05D7s1t8FGjzdSnbUbceA==",
      "dev": true
    },
    "karma-chrome-launcher": {
      "version": "2.2.0",
      "resolved": "https://registry.npmjs.org/karma-chrome-launcher/-/karma-chrome-launcher-2.2.0.tgz",
      "integrity": "sha512-uf/ZVpAabDBPvdPdveyk1EPgbnloPvFFGgmRhYLTDH7gEB4nZdSBk8yTU47w1g/drLSx5uMOkjKk7IWKfWg/+w==",
      "dev": true,
      "requires": {
        "fs-access": "1.0.1",
        "which": "1.3.1"
      }
    },
    "karma-jasmine": {
      "version": "2.0.1",
      "resolved": "https://registry.npmjs.org/karma-jasmine/-/karma-jasmine-2.0.1.tgz",
      "integrity": "sha512-iuC0hmr9b+SNn1DaUD2QEYtUxkS1J+bSJSn7ejdEexs7P8EYvA1CWkEdrDQ+8jVH3AgWlCNwjYsT1chjcNW9lA==",
      "dev": true,
      "requires": {
        "jasmine-core": "3.3.0"
      }
    },
    "null-check": {
      "version": "1.0.0",
      "resolved": "https://registry.npmjs.org/null-check/-/null-check-1.0.0.tgz",
      "integrity": "sha1-l33/1xdgErnsMNKjnbXPcqBDnt0=",
      "dev": true
    },
    "which": {
      "version": "1.3.1",
      "resolved": "https://registry.npmjs.org/which/-/which-1.3.1.tgz",
      "integrity": "sha512-HxJdYWq1MTIQbJ3nw0cqssHoTNU267KlrDuGZ1WYlxDStUtKUhOaJmh112/TZmHxxUfuJqPXSOm7tDyas0OSIQ==",
      "dev": true,
      "requires": {
        "isexe": "2.0.0"
      }
    }
  }
}
